
Microsoft Visual Studio Solution File, Format Version 11.00
# Visual Studio 2010
Project("{FAE04EC0-301F-11D3-BF4B-00C04F79EFBC}") = "01-subscription", "01-subscription\01-subscription.csproj", "{3020953A-B36D-4858-9D20-839EE24A07CD}"
EndProject
Global
	GlobalSection(SolutionConfigurationPlatforms) = preSolution
		Debug|Any CPU = Debug|Any CPU
		Release|Any CPU = Release|Any CPU
	EndGlobalSection
	GlobalSection(ProjectConfigurationPlatforms) = postSolution
		{3020953A-B36D-4858-9D20-839EE24A07CD}.Debug|Any CPU.ActiveCfg = Debug|Any CPU
		{3020953A-B36D-4858-9D20-839EE24A07CD}.Debug|Any CPU.Build.0 = Debug|Any CPU
		{3020953A-B36D-4858-9D20-839EE24A07CD}.Release|Any CPU.ActiveCfg = Release|Any CPU
		{3020953A-B36D-4858-9D20-839EE24A07CD}.Release|Any CPU.Build.0 = Release|Any CPU
	EndGlobalSection
	GlobalSection(SolutionProperties) = preSolution
		HideSolutionNode = FALSE
	EndGlobalSection
EndGlobal
